
Microsoft Visual Studio Solution File, Format Version 12.00
# Visual Studio 15
VisualStudioVersion = 15.0.28307.1321
MinimumVisualStudioVersion = 10.0.40219.1
Project("{FAE04EC0-301F-11D3-BF4B-00C04F79EFBC}") = "Book Reading Event Management", "Book Reading Event Management\Book Reading Event Management.csproj", "{F313D29D-0CEE-4DDA-929C-8B307ED5FC51}"
EndProject
Project("{FAE04EC0-301F-11D3-BF4B-00C04F79EFBC}") = "BusinessLayer", "BusinessLayer\BusinessLayer.csproj", "{2EB2FC5A-E093-4EF1-9AE7-F67AE20A8CE6}"
EndProject
Global
	GlobalSection(SolutionConfigurationPlatforms) = preSolution
		Debug|Any CPU = Debug|Any CPU
		Release|Any CPU = Release|Any CPU
	EndGlobalSection
	GlobalSection(ProjectConfigurationPlatforms) = postSolution
		{F313D29D-0CEE-4DDA-929C-8B307ED5FC51}.Debug|Any CPU.ActiveCfg = Debug|Any CPU
		{F313D29D-0CEE-4DDA-929C-8B307ED5FC51}.Debug|Any CPU.Build.0 = Debug|Any CPU
		{F313D29D-0CEE-4DDA-929C-8B307ED5FC51}.Release|Any CPU.ActiveCfg = Release|Any CPU
		{F313D29D-0CEE-4DDA-929C-8B307ED5FC51}.Release|Any CPU.Build.0 = Release|Any CPU
		{2EB2FC5A-E093-4EF1-9AE7-F67AE20A8CE6}.Debug|Any CPU.ActiveCfg = Debug|Any CPU
		{2EB2FC5A-E093-4EF1-9AE7-F67AE20A8CE6}.Debug|Any CPU.Build.0 = Debug|Any CPU
		{2EB2FC5A-E093-4EF1-9AE7-F67AE20A8CE6}.Release|Any CPU.ActiveCfg = Release|Any CPU
		{2EB2FC5A-E093-4EF1-9AE7-F67AE20A8CE6}.Release|Any CPU.Build.0 = Release|Any CPU
	EndGlobalSection
	GlobalSection(SolutionProperties) = preSolution
		HideSolutionNode = FALSE
	EndGlobalSection
	GlobalSection(ExtensibilityGlobals) = postSolution
		SolutionGuid = {B5DA67FE-0C20-4099-967A-773F6C586669}
	EndGlobalSection
EndGlobal
